{
  "name": "app04",
  "version": "0.0.1",
  "lockfileVersion": 1,
  "requires": true,
  "dependencies": {
    "react-native-carousel": {
      "version": "0.10.0",
      "resolved": "http://registry.npm.taobao.org/react-native-carousel/download/react-native-carousel-0.10.0.tgz",
      "integrity": "sha1-9L7MX/RvZlhdDsnkLc4e+x1+Vxo=",
      "requires": {
        "react-timer-mixin": "0.13.3"
      }
    },
    "react-native-swiper": {
      "version": "1.5.4",
      "resolved": "http://registry.npm.taobao.org/react-native-swiper/download/react-native-swiper-1.5.4.tgz",
      "integrity": "sha1-qFU1tTdO+NYFp6cg5EesRoFqxEg="
    },
    "react-timer-mixin": {
      "version": "0.13.3",
      "resolved": "http://registry.npm.taobao.org/react-timer-mixin/download/react-timer-mixin-0.13.3.tgz",
      "integrity": "sha1-Dai5+AfsB9w+hU0ILHN8ZWBbPSI="
    }
  }
}
